
Microsoft Visual Studio Solution File, Format Version 12.00
# Visual Studio Version 17
VisualStudioVersion = 17.14.36518.9 d17.14
MinimumVisualStudioVersion = 10.0.40219.1
Project("{FAE04EC0-301F-11D3-BF4B-00C04F79EFBC}") = "Proxy", "Proxy.csproj", "{49E47A20-80CB-4C40-AF6B-81F026EC09B7}"
EndProject
Global
	GlobalSection(SolutionConfigurationPlatforms) = preSolution
		Debug|Any CPU = Debug|Any CPU
		Release|Any CPU = Release|Any CPU
	EndGlobalSection
	GlobalSection(ProjectConfigurationPlatforms) = postSolution
		{49E47A20-80CB-4C40-AF6B-81F026EC09B7}.Debug|Any CPU.ActiveCfg = Debug|Any CPU
		{49E47A20-80CB-4C40-AF6B-81F026EC09B7}.Debug|Any CPU.Build.0 = Debug|Any CPU
		{49E47A20-80CB-4C40-AF6B-81F026EC09B7}.Release|Any CPU.ActiveCfg = Release|Any CPU
		{49E47A20-80CB-4C40-AF6B-81F026EC09B7}.Release|Any CPU.Build.0 = Release|Any CPU
	EndGlobalSection
	GlobalSection(SolutionProperties) = preSolution
		HideSolutionNode = FALSE
	EndGlobalSection
	GlobalSection(ExtensibilityGlobals) = postSolution
		SolutionGuid = {7B0625AB-D278-46BA-A5B4-C853D6F94D58}
	EndGlobalSection
EndGlobal
