
Microsoft Visual Studio Solution File, Format Version 12.00
# Visual Studio Version 17
VisualStudioVersion = 17.14.36518.9 d17.14
MinimumVisualStudioVersion = 10.0.40219.1
Project("{FAE04EC0-301F-11D3-BF4B-00C04F79EFBC}") = "Builder", "Builder.csproj", "{EB17982B-2CF7-443F-B74E-B5AD21430BC9}"
EndProject
Global
	GlobalSection(SolutionConfigurationPlatforms) = preSolution
		Debug|Any CPU = Debug|Any CPU
		Release|Any CPU = Release|Any CPU
	EndGlobalSection
	GlobalSection(ProjectConfigurationPlatforms) = postSolution
		{EB17982B-2CF7-443F-B74E-B5AD21430BC9}.Debug|Any CPU.ActiveCfg = Debug|Any CPU
		{EB17982B-2CF7-443F-B74E-B5AD21430BC9}.Debug|Any CPU.Build.0 = Debug|Any CPU
		{EB17982B-2CF7-443F-B74E-B5AD21430BC9}.Release|Any CPU.ActiveCfg = Release|Any CPU
		{EB17982B-2CF7-443F-B74E-B5AD21430BC9}.Release|Any CPU.Build.0 = Release|Any CPU
	EndGlobalSection
	GlobalSection(SolutionProperties) = preSolution
		HideSolutionNode = FALSE
	EndGlobalSection
	GlobalSection(ExtensibilityGlobals) = postSolution
		SolutionGuid = {9A5B61B7-9811-461D-A4AE-CDA079280FBD}
	EndGlobalSection
EndGlobal
