
Microsoft Visual Studio Solution File, Format Version 12.00
# Visual Studio Version 17
VisualStudioVersion = 17.14.36518.9 d17.14
MinimumVisualStudioVersion = 10.0.40219.1
Project("{FAE04EC0-301F-11D3-BF4B-00C04F79EFBC}") = "Command", "Command.csproj", "{686616BA-F5AE-4FE9-8767-6E90B9CD2341}"
EndProject
Global
	GlobalSection(SolutionConfigurationPlatforms) = preSolution
		Debug|Any CPU = Debug|Any CPU
		Release|Any CPU = Release|Any CPU
	EndGlobalSection
	GlobalSection(ProjectConfigurationPlatforms) = postSolution
		{686616BA-F5AE-4FE9-8767-6E90B9CD2341}.Debug|Any CPU.ActiveCfg = Debug|Any CPU
		{686616BA-F5AE-4FE9-8767-6E90B9CD2341}.Debug|Any CPU.Build.0 = Debug|Any CPU
		{686616BA-F5AE-4FE9-8767-6E90B9CD2341}.Release|Any CPU.ActiveCfg = Release|Any CPU
		{686616BA-F5AE-4FE9-8767-6E90B9CD2341}.Release|Any CPU.Build.0 = Release|Any CPU
	EndGlobalSection
	GlobalSection(SolutionProperties) = preSolution
		HideSolutionNode = FALSE
	EndGlobalSection
	GlobalSection(ExtensibilityGlobals) = postSolution
		SolutionGuid = {53712B5B-997F-44B8-9768-E811DE45D94F}
	EndGlobalSection
EndGlobal
