
Microsoft Visual Studio Solution File, Format Version 12.00
# Visual Studio Version 17
VisualStudioVersion = 17.14.36518.9 d17.14
MinimumVisualStudioVersion = 10.0.40219.1
Project("{FAE04EC0-301F-11D3-BF4B-00C04F79EFBC}") = "ShoppingCartTemplateMethod", "ShoppingCartTemplateMethod.csproj", "{92C5248E-FDA5-49AB-888D-3385A4497E5A}"
EndProject
Global
	GlobalSection(SolutionConfigurationPlatforms) = preSolution
		Debug|Any CPU = Debug|Any CPU
		Release|Any CPU = Release|Any CPU
	EndGlobalSection
	GlobalSection(ProjectConfigurationPlatforms) = postSolution
		{92C5248E-FDA5-49AB-888D-3385A4497E5A}.Debug|Any CPU.ActiveCfg = Debug|Any CPU
		{92C5248E-FDA5-49AB-888D-3385A4497E5A}.Debug|Any CPU.Build.0 = Debug|Any CPU
		{92C5248E-FDA5-49AB-888D-3385A4497E5A}.Release|Any CPU.ActiveCfg = Release|Any CPU
		{92C5248E-FDA5-49AB-888D-3385A4497E5A}.Release|Any CPU.Build.0 = Release|Any CPU
	EndGlobalSection
	GlobalSection(SolutionProperties) = preSolution
		HideSolutionNode = FALSE
	EndGlobalSection
	GlobalSection(ExtensibilityGlobals) = postSolution
		SolutionGuid = {B74BE66F-2EF9-43CB-943C-9D70C47AF07F}
	EndGlobalSection
EndGlobal
