
Microsoft Visual Studio Solution File, Format Version 12.00
# Visual Studio Version 17
VisualStudioVersion = 17.14.36518.9 d17.14
MinimumVisualStudioVersion = 10.0.40219.1
Project("{FAE04EC0-301F-11D3-BF4B-00C04F79EFBC}") = "LoggerChainOfResponsibility", "LoggerChainOfResponsibility.csproj", "{AA87B6A9-CAB7-49FA-B3C8-CDFE8084C986}"
EndProject
Global
	GlobalSection(SolutionConfigurationPlatforms) = preSolution
		Debug|Any CPU = Debug|Any CPU
		Release|Any CPU = Release|Any CPU
	EndGlobalSection
	GlobalSection(ProjectConfigurationPlatforms) = postSolution
		{AA87B6A9-CAB7-49FA-B3C8-CDFE8084C986}.Debug|Any CPU.ActiveCfg = Debug|Any CPU
		{AA87B6A9-CAB7-49FA-B3C8-CDFE8084C986}.Debug|Any CPU.Build.0 = Debug|Any CPU
		{AA87B6A9-CAB7-49FA-B3C8-CDFE8084C986}.Release|Any CPU.ActiveCfg = Release|Any CPU
		{AA87B6A9-CAB7-49FA-B3C8-CDFE8084C986}.Release|Any CPU.Build.0 = Release|Any CPU
	EndGlobalSection
	GlobalSection(SolutionProperties) = preSolution
		HideSolutionNode = FALSE
	EndGlobalSection
	GlobalSection(ExtensibilityGlobals) = postSolution
		SolutionGuid = {40A7B2CB-0D06-4B21-8E91-FB3ED0B47E86}
	EndGlobalSection
EndGlobal
