
Microsoft Visual Studio Solution File, Format Version 12.00
# Visual Studio Version 17
VisualStudioVersion = 17.14.36518.9 d17.14
MinimumVisualStudioVersion = 10.0.40219.1
Project("{FAE04EC0-301F-11D3-BF4B-00C04F79EFBC}") = "Composite", "Composite.csproj", "{51F4916E-7840-4948-93E0-0FFA591E8416}"
EndProject
Global
	GlobalSection(SolutionConfigurationPlatforms) = preSolution
		Debug|Any CPU = Debug|Any CPU
		Release|Any CPU = Release|Any CPU
	EndGlobalSection
	GlobalSection(ProjectConfigurationPlatforms) = postSolution
		{51F4916E-7840-4948-93E0-0FFA591E8416}.Debug|Any CPU.ActiveCfg = Debug|Any CPU
		{51F4916E-7840-4948-93E0-0FFA591E8416}.Debug|Any CPU.Build.0 = Debug|Any CPU
		{51F4916E-7840-4948-93E0-0FFA591E8416}.Release|Any CPU.ActiveCfg = Release|Any CPU
		{51F4916E-7840-4948-93E0-0FFA591E8416}.Release|Any CPU.Build.0 = Release|Any CPU
	EndGlobalSection
	GlobalSection(SolutionProperties) = preSolution
		HideSolutionNode = FALSE
	EndGlobalSection
	GlobalSection(ExtensibilityGlobals) = postSolution
		SolutionGuid = {7B74877F-F0D2-4C80-9A65-1BC619062606}
	EndGlobalSection
EndGlobal
