
Microsoft Visual Studio Solution File, Format Version 12.00
# Visual Studio Version 17
VisualStudioVersion = 17.14.36518.9
MinimumVisualStudioVersion = 10.0.40219.1
Project("{2150E333-8FDC-42A3-9474-1A3956D46DE8}") = "A - Creational", "A - Creational", "{02EA681E-C7D8-13C7-8484-4AC65E1B71E8}"
EndProject
Project("{2150E333-8FDC-42A3-9474-1A3956D46DE8}") = "01 - Singleton", "01 - Singleton", "{D135E7C1-1A9F-420B-B433-A0994D2A907D}"
EndProject
Project("{FAE04EC0-301F-11D3-BF4B-00C04F79EFBC}") = "Singleton", "Singleton\Singleton.csproj", "{0A9CCAE0-1495-4474-A068-ABC47372E731}"
EndProject
Project("{2150E333-8FDC-42A3-9474-1A3956D46DE8}") = "02 - Factory Method", "02 - Factory Method", "{79E36547-F30D-40AA-879C-B06BE46174E6}"
EndProject
Project("{FAE04EC0-301F-11D3-BF4B-00C04F79EFBC}") = "FactoryMethod", "FactoryMethod\FactoryMethod.csproj", "{0D7D1017-D685-4091-90A1-B6619EB85B4B}"
EndProject
Project("{FAE04EC0-301F-11D3-BF4B-00C04F79EFBC}") = "FactoryMethod2", "FactoryMethod2\FactoryMethod2.csproj", "{8E5D75E7-0C8C-4487-B35E-8242053AF79A}"
EndProject
Global
	GlobalSection(SolutionConfigurationPlatforms) = preSolution
		Debug|Any CPU = Debug|Any CPU
		Release|Any CPU = Release|Any CPU
	EndGlobalSection
	GlobalSection(ProjectConfigurationPlatforms) = postSolution
		{0A9CCAE0-1495-4474-A068-ABC47372E731}.Debug|Any CPU.ActiveCfg = Debug|Any CPU
		{0A9CCAE0-1495-4474-A068-ABC47372E731}.Debug|Any CPU.Build.0 = Debug|Any CPU
		{0A9CCAE0-1495-4474-A068-ABC47372E731}.Release|Any CPU.ActiveCfg = Release|Any CPU
		{0A9CCAE0-1495-4474-A068-ABC47372E731}.Release|Any CPU.Build.0 = Release|Any CPU
		{0D7D1017-D685-4091-90A1-B6619EB85B4B}.Debug|Any CPU.ActiveCfg = Debug|Any CPU
		{0D7D1017-D685-4091-90A1-B6619EB85B4B}.Debug|Any CPU.Build.0 = Debug|Any CPU
		{0D7D1017-D685-4091-90A1-B6619EB85B4B}.Release|Any CPU.ActiveCfg = Release|Any CPU
		{0D7D1017-D685-4091-90A1-B6619EB85B4B}.Release|Any CPU.Build.0 = Release|Any CPU
		{8E5D75E7-0C8C-4487-B35E-8242053AF79A}.Debug|Any CPU.ActiveCfg = Debug|Any CPU
		{8E5D75E7-0C8C-4487-B35E-8242053AF79A}.Debug|Any CPU.Build.0 = Debug|Any CPU
		{8E5D75E7-0C8C-4487-B35E-8242053AF79A}.Release|Any CPU.ActiveCfg = Release|Any CPU
		{8E5D75E7-0C8C-4487-B35E-8242053AF79A}.Release|Any CPU.Build.0 = Release|Any CPU
	EndGlobalSection
	GlobalSection(SolutionProperties) = preSolution
		HideSolutionNode = FALSE
	EndGlobalSection
	GlobalSection(NestedProjects) = preSolution
		{D135E7C1-1A9F-420B-B433-A0994D2A907D} = {02EA681E-C7D8-13C7-8484-4AC65E1B71E8}
		{0A9CCAE0-1495-4474-A068-ABC47372E731} = {D135E7C1-1A9F-420B-B433-A0994D2A907D}
		{79E36547-F30D-40AA-879C-B06BE46174E6} = {02EA681E-C7D8-13C7-8484-4AC65E1B71E8}
		{0D7D1017-D685-4091-90A1-B6619EB85B4B} = {79E36547-F30D-40AA-879C-B06BE46174E6}
		{8E5D75E7-0C8C-4487-B35E-8242053AF79A} = {79E36547-F30D-40AA-879C-B06BE46174E6}
	EndGlobalSection
	GlobalSection(ExtensibilityGlobals) = postSolution
		SolutionGuid = {38AF2AAC-2A7F-4BAC-9534-B34A5FD3F52C}
	EndGlobalSection
EndGlobal
